dependencies:
  idf:
    component_hash: null
    source:
      type: idf
    version: 5.2.2
  protocol_examples_common:
    component_hash: null
    source:
      path: C:\Users\conno\esp\v5.2.2\esp-idf\examples\common_components\protocol_examples_common
      type: local
    version: '*'
manifest_hash: 63720c886ec3d8304fdfbcec8c64eca1949599893716ea52acfffba27786ada5
target: esp32s3
version: 1.0.0
