dependencies:
  idf:
    component_hash: null
    source:
      type: idf
    version: 5.3.0
  protocol_examples_common:
    component_hash: null
    source:
      path: C:\Users\conno\esp\v5.3\esp-idf\examples\common_components\protocol_examples_common
      type: local
    version: '*'
manifest_hash: 3a593d8902d9e6218a19e5ae6c492343887bc887edb775ddda08aec3c8e1507b
target: esp32s3
version: 1.0.0
